
Microsoft Visual Studio Solution File, Format Version 12.00
# Visual Studio Version 16
VisualStudioVersion = 16.0.29306.81
MinimumVisualStudioVersion = 10.0.40219.1
Project("{2150E333-8FDC-42A3-9474-1A3956D46DE8}") = "Solution Items", "Solution Items", "{2AFD45C7-271A-445D-B0E9-A495FCDF6590}"
	ProjectSection(SolutionItems) = preProject
		README.md = README.md
	EndProjectSection
EndProject
Project("{9A19103F-16F7-4668-BE54-9A1E7A4F7556}") = "PrettyScreen.Core", "PrettyScreen.Core\PrettyScreen.Core.csproj", "{6095AFD0-FA5B-4C0C-B3BF-255C4C31A734}"
EndProject
Project("{FAE04EC0-301F-11D3-BF4B-00C04F79EFBC}") = "PrettyScreen.App.Android", "PrettyScreen.App\PrettyScreen.App.Android\PrettyScreen.App.Android.csproj", "{72D04BBA-B21C-41D9-8A14-ED7A35F61D4D}"
EndProject
Project("{9A19103F-16F7-4668-BE54-9A1E7A4F7556}") = "PrettyScreen.App", "PrettyScreen.App\PrettyScreen.App\PrettyScreen.App.csproj", "{51F6A024-1A75-4A56-94C3-561B43CC94CB}"
EndProject
Project("{9A19103F-16F7-4668-BE54-9A1E7A4F7556}") = "PrettyScreen.Communication.Modbus", "PrettyScreen.Communication.Modbus\PrettyScreen.Communication.Modbus.csproj", "{3782278F-B5B0-4B2A-BA68-BF9C6050A998}"
EndProject
Project("{FAE04EC0-301F-11D3-BF4B-00C04F79EFBC}") = "PrettyScreen.Configuration", "PrettyScreen.Configuration\PrettyScreen.Configuration.csproj", "{1B291818-787D-4B1A-BE36-E7155187EA07}"
EndProject
Global
	GlobalSection(SolutionConfigurationPlatforms) = preSolution
		Debug|Any CPU = Debug|Any CPU
		Debug|iPhone = Debug|iPhone
		Debug|iPhoneSimulator = Debug|iPhoneSimulator
		Release|Any CPU = Release|Any CPU
		Release|iPhone = Release|iPhone
		Release|iPhoneSimulator = Release|iPhoneSimulator
	EndGlobalSection
	GlobalSection(ProjectConfigurationPlatforms) = postSolution
		{6095AFD0-FA5B-4C0C-B3BF-255C4C31A734}.Debug|Any CPU.ActiveCfg = Debug|Any CPU
		{6095AFD0-FA5B-4C0C-B3BF-255C4C31A734}.Debug|Any CPU.Build.0 = Debug|Any CPU
		{6095AFD0-FA5B-4C0C-B3BF-255C4C31A734}.Debug|iPhone.ActiveCfg = Debug|Any CPU
		{6095AFD0-FA5B-4C0C-B3BF-255C4C31A734}.Debug|iPhone.Build.0 = Debug|Any CPU
		{6095AFD0-FA5B-4C0C-B3BF-255C4C31A734}.Debug|iPhoneSimulator.ActiveCfg = Debug|Any CPU
		{6095AFD0-FA5B-4C0C-B3BF-255C4C31A734}.Debug|iPhoneSimulator.Build.0 = Debug|Any CPU
		{6095AFD0-FA5B-4C0C-B3BF-255C4C31A734}.Release|Any CPU.ActiveCfg = Release|Any CPU
		{6095AFD0-FA5B-4C0C-B3BF-255C4C31A734}.Release|Any CPU.Build.0 = Release|Any CPU
		{6095AFD0-FA5B-4C0C-B3BF-255C4C31A734}.Release|iPhone.ActiveCfg = Release|Any CPU
		{6095AFD0-FA5B-4C0C-B3BF-255C4C31A734}.Release|iPhone.Build.0 = Release|Any CPU
		{6095AFD0-FA5B-4C0C-B3BF-255C4C31A734}.Release|iPhoneSimulator.ActiveCfg = Release|Any CPU
		{6095AFD0-FA5B-4C0C-B3BF-255C4C31A734}.Release|iPhoneSimulator.Build.0 = Release|Any CPU
		{72D04BBA-B21C-41D9-8A14-ED7A35F61D4D}.Debug|Any CPU.ActiveCfg = Debug|Any CPU
		{72D04BBA-B21C-41D9-8A14-ED7A35F61D4D}.Debug|Any CPU.Build.0 = Debug|Any CPU
		{72D04BBA-B21C-41D9-8A14-ED7A35F61D4D}.Debug|Any CPU.Deploy.0 = Debug|Any CPU
		{72D04BBA-B21C-41D9-8A14-ED7A35F61D4D}.Debug|iPhone.ActiveCfg = Debug|Any CPU
		{72D04BBA-B21C-41D9-8A14-ED7A35F61D4D}.Debug|iPhone.Build.0 = Debug|Any CPU
		{72D04BBA-B21C-41D9-8A14-ED7A35F61D4D}.Debug|iPhone.Deploy.0 = Debug|Any CPU
		{72D04BBA-B21C-41D9-8A14-ED7A35F61D4D}.Debug|iPhoneSimulator.ActiveCfg = Debug|Any CPU
		{72D04BBA-B21C-41D9-8A14-ED7A35F61D4D}.Debug|iPhoneSimulator.Build.0 = Debug|Any CPU
		{72D04BBA-B21C-41D9-8A14-ED7A35F61D4D}.Debug|iPhoneSimulator.Deploy.0 = Debug|Any CPU
		{72D04BBA-B21C-41D9-8A14-ED7A35F61D4D}.Release|Any CPU.ActiveCfg = Release|Any CPU
		{72D04BBA-B21C-41D9-8A14-ED7A35F61D4D}.Release|Any CPU.Build.0 = Release|Any CPU
		{72D04BBA-B21C-41D9-8A14-ED7A35F61D4D}.Release|Any CPU.Deploy.0 = Release|Any CPU
		{72D04BBA-B21C-41D9-8A14-ED7A35F61D4D}.Release|iPhone.ActiveCfg = Release|Any CPU
		{72D04BBA-B21C-41D9-8A14-ED7A35F61D4D}.Release|iPhone.Build.0 = Release|Any CPU
		{72D04BBA-B21C-41D9-8A14-ED7A35F61D4D}.Release|iPhone.Deploy.0 = Release|Any CPU
		{72D04BBA-B21C-41D9-8A14-ED7A35F61D4D}.Release|iPhoneSimulator.ActiveCfg = Release|Any CPU
		{72D04BBA-B21C-41D9-8A14-ED7A35F61D4D}.Release|iPhoneSimulator.Build.0 = Release|Any CPU
		{72D04BBA-B21C-41D9-8A14-ED7A35F61D4D}.Release|iPhoneSimulator.Deploy.0 = Release|Any CPU
		{51F6A024-1A75-4A56-94C3-561B43CC94CB}.Debug|Any CPU.ActiveCfg = Debug|Any CPU
		{51F6A024-1A75-4A56-94C3-561B43CC94CB}.Debug|Any CPU.Build.0 = Debug|Any CPU
		{51F6A024-1A75-4A56-94C3-561B43CC94CB}.Debug|iPhone.ActiveCfg = Debug|Any CPU
		{51F6A024-1A75-4A56-94C3-561B43CC94CB}.Debug|iPhone.Build.0 = Debug|Any CPU
		{51F6A024-1A75-4A56-94C3-561B43CC94CB}.Debug|iPhoneSimulator.ActiveCfg = Debug|Any CPU
		{51F6A024-1A75-4A56-94C3-561B43CC94CB}.Debug|iPhoneSimulator.Build.0 = Debug|Any CPU
		{51F6A024-1A75-4A56-94C3-561B43CC94CB}.Release|Any CPU.ActiveCfg = Release|Any CPU
		{51F6A024-1A75-4A56-94C3-561B43CC94CB}.Release|Any CPU.Build.0 = Release|Any CPU
		{51F6A024-1A75-4A56-94C3-561B43CC94CB}.Release|iPhone.ActiveCfg = Release|Any CPU
		{51F6A024-1A75-4A56-94C3-561B43CC94CB}.Release|iPhone.Build.0 = Release|Any CPU
		{51F6A024-1A75-4A56-94C3-561B43CC94CB}.Release|iPhoneSimulator.ActiveCfg = Release|Any CPU
		{51F6A024-1A75-4A56-94C3-561B43CC94CB}.Release|iPhoneSimulator.Build.0 = Release|Any CPU
		{3782278F-B5B0-4B2A-BA68-BF9C6050A998}.Debug|Any CPU.ActiveCfg = Debug|Any CPU
		{3782278F-B5B0-4B2A-BA68-BF9C6050A998}.Debug|Any CPU.Build.0 = Debug|Any CPU
		{3782278F-B5B0-4B2A-BA68-BF9C6050A998}.Debug|iPhone.ActiveCfg = Debug|Any CPU
		{3782278F-B5B0-4B2A-BA68-BF9C6050A998}.Debug|iPhone.Build.0 = Debug|Any CPU
		{3782278F-B5B0-4B2A-BA68-BF9C6050A998}.Debug|iPhoneSimulator.ActiveCfg = Debug|Any CPU
		{3782278F-B5B0-4B2A-BA68-BF9C6050A998}.Debug|iPhoneSimulator.Build.0 = Debug|Any CPU
		{3782278F-B5B0-4B2A-BA68-BF9C6050A998}.Release|Any CPU.ActiveCfg = Release|Any CPU
		{3782278F-B5B0-4B2A-BA68-BF9C6050A998}.Release|Any CPU.Build.0 = Release|Any CPU
		{3782278F-B5B0-4B2A-BA68-BF9C6050A998}.Release|iPhone.ActiveCfg = Release|Any CPU
		{3782278F-B5B0-4B2A-BA68-BF9C6050A998}.Release|iPhone.Build.0 = Release|Any CPU
		{3782278F-B5B0-4B2A-BA68-BF9C6050A998}.Release|iPhoneSimulator.ActiveCfg = Release|Any CPU
		{3782278F-B5B0-4B2A-BA68-BF9C6050A998}.Release|iPhoneSimulator.Build.0 = Release|Any CPU
		{1B291818-787D-4B1A-BE36-E7155187EA07}.Debug|Any CPU.ActiveCfg = Debug|Any CPU
		{1B291818-787D-4B1A-BE36-E7155187EA07}.Debug|Any CPU.Build.0 = Debug|Any CPU
		{1B291818-787D-4B1A-BE36-E7155187EA07}.Debug|iPhone.ActiveCfg = Debug|Any CPU
		{1B291818-787D-4B1A-BE36-E7155187EA07}.Debug|iPhone.Build.0 = Debug|Any CPU
		{1B291818-787D-4B1A-BE36-E7155187EA07}.Debug|iPhoneSimulator.ActiveCfg = Debug|Any CPU
		{1B291818-787D-4B1A-BE36-E7155187EA07}.Debug|iPhoneSimulator.Build.0 = Debug|Any CPU
		{1B291818-787D-4B1A-BE36-E7155187EA07}.Release|Any CPU.ActiveCfg = Release|Any CPU
		{1B291818-787D-4B1A-BE36-E7155187EA07}.Release|Any CPU.Build.0 = Release|Any CPU
		{1B291818-787D-4B1A-BE36-E7155187EA07}.Release|iPhone.ActiveCfg = Release|Any CPU
		{1B291818-787D-4B1A-BE36-E7155187EA07}.Release|iPhone.Build.0 = Release|Any CPU
		{1B291818-787D-4B1A-BE36-E7155187EA07}.Release|iPhoneSimulator.ActiveCfg = Release|Any CPU
		{1B291818-787D-4B1A-BE36-E7155187EA07}.Release|iPhoneSimulator.Build.0 = Release|Any CPU
	EndGlobalSection
	GlobalSection(SolutionProperties) = preSolution
		HideSolutionNode = FALSE
	EndGlobalSection
	GlobalSection(ExtensibilityGlobals) = postSolution
		SolutionGuid = {23636AC3-6644-4DDD-B33F-F2EBE48777D5}
	EndGlobalSection
EndGlobal
